{
  "name": "ram-cycle-mart-desktop",
  "version": "1.0.0",
  "lockfileVersion": 2,
  "requires": true,
  "packages": {
    "": {
      "name": "ram-cycle-mart-desktop",
      "version": "1.0.0",
      "license": "MIT",
      "dependencies": {
        "better-sqlite3": "^9.4.0",
        "electron": "^28.2.0"
      },
      "devDependencies": {
        "electron-builder": "^24.9.1"
      }
    }
  }
}